
Microsoft Visual Studio Solution File, Format Version 12.00
# Visual Studio Version 16
VisualStudioVersion = 16.0.32106.194
MinimumVisualStudioVersion = 10.0.40219.1
Project("{FAE04EC0-301F-11D3-BF4B-00C04F79EFBC}") = "ExpenseManager", "ExpenseManager\ExpenseManager.csproj", "{BBF43C08-FD13-46D5-AB40-21F8685A118F}"
EndProject
Global
	GlobalSection(SolutionConfigurationPlatforms) = preSolution
		Debug|Any CPU = Debug|Any CPU
		Release|Any CPU = Release|Any CPU
	EndGlobalSection
	GlobalSection(ProjectConfigurationPlatforms) = postSolution
		{BBF43C08-FD13-46D5-AB40-21F8685A118F}.Debug|Any CPU.ActiveCfg = Debug|Any CPU
		{BBF43C08-FD13-46D5-AB40-21F8685A118F}.Debug|Any CPU.Build.0 = Debug|Any CPU
		{BBF43C08-FD13-46D5-AB40-21F8685A118F}.Release|Any CPU.ActiveCfg = Release|Any CPU
		{BBF43C08-FD13-46D5-AB40-21F8685A118F}.Release|Any CPU.Build.0 = Release|Any CPU
	EndGlobalSection
	GlobalSection(SolutionProperties) = preSolution
		HideSolutionNode = FALSE
	EndGlobalSection
	GlobalSection(ExtensibilityGlobals) = postSolution
		SolutionGuid = {271A00F3-3B61-47BF-B16A-480CF895B8FF}
	EndGlobalSection
EndGlobal
